
Microsoft Visual Studio Solution File, Format Version 12.00
# Visual Studio Version 17
VisualStudioVersion = 17.11.35312.102
MinimumVisualStudioVersion = 10.0.40219.1
Project("{9A19103F-16F7-4668-BE54-9A1E7A4F7556}") = "WebGenerateImage", "WebGenerateImage.csproj", "{A092B3BC-99DC-4FDF-8BB9-2C6F9BA3FDFD}"
EndProject
Global
	GlobalSection(SolutionConfigurationPlatforms) = preSolution
		Debug|Any CPU = Debug|Any CPU
		Release|Any CPU = Release|Any CPU
	EndGlobalSection
	GlobalSection(ProjectConfigurationPlatforms) = postSolution
		{A092B3BC-99DC-4FDF-8BB9-2C6F9BA3FDFD}.Debug|Any CPU.ActiveCfg = Debug|Any CPU
		{A092B3BC-99DC-4FDF-8BB9-2C6F9BA3FDFD}.Debug|Any CPU.Build.0 = Debug|Any CPU
		{A092B3BC-99DC-4FDF-8BB9-2C6F9BA3FDFD}.Release|Any CPU.ActiveCfg = Release|Any CPU
		{A092B3BC-99DC-4FDF-8BB9-2C6F9BA3FDFD}.Release|Any CPU.Build.0 = Release|Any CPU
	EndGlobalSection
	GlobalSection(SolutionProperties) = preSolution
		HideSolutionNode = FALSE
	EndGlobalSection
	GlobalSection(ExtensibilityGlobals) = postSolution
		SolutionGuid = {A762E59A-1C25-409D-BD9D-4DB1CA3A69BB}
	EndGlobalSection
EndGlobal
